NeoBundleLock ctrlp.vim 564176f01d7f3f7f8ab452ff4e1f5314de7b0981
NeoBundleLock jshint.vim 68a9a7c0fea24ddbbd9beecab1fa68f9bf3d7dc2
NeoBundleLock neobundle.vim 1d67a4b1bda8af557c30af249af8504d3cf22073
NeoBundleLock nerdtree b9b53d814bea6a2d901f0a263cc1a29df4f5c067
NeoBundleLock rails.vim a390780c863f993847d23789b1dae86f779313d5
NeoBundleLock sparkup d400a570bf64b0c216aa7c8e1795820b911a7404
NeoBundleLock supertab 66511772a430a5eaad7f7d03dbb02e8f33c4a641
NeoBundleLock syntastic 90e96d445fef4cdf0d010df642076832d3571c32
NeoBundleLock ultisnips 97a280417b9ebcd098283b46ba9f144c6344bb8d
NeoBundleLock vim-airline 75a0199a7dd5d7e591ebe9050ede60dae7f56339
NeoBundleLock vim-colorschemes b8dff40f69f1873effbed97c759a8452ecb240ed
NeoBundleLock vim-fugitive aac85a268e89a6c8be79341e130ac90256fadbd6
NeoBundleLock vim-javascript 25e98656f1aabcde76a98cd7a6d5251a5d55bf3a
NeoBundleLock vim-polyglot 74652b465d7eff97070001317a4ea5557717378d
NeoBundleLock vim-quickrun 25b23f3519aabf2515fa4c70390bbea507516377
NeoBundleLock vim-snippets 6b07eb994e90e548dedad87900a245abbfcd0662
NeoBundleLock vim-syntax-extra 28926b8679be934a4f112b6c8a9c6681aa3b5988
NeoBundleLock youcompleteme 768aea435b6ec5847d9d3be04ebf6b35729f1548
