NeoBundleLock ctrlp.vim 564176f01d7f3f7f8ab452ff4e1f5314de7b0981
NeoBundleLock jshint.vim 68a9a7c0fea24ddbbd9beecab1fa68f9bf3d7dc2
NeoBundleLock neobundle.vim 30c40ccbfc6371fb922eece6e0657eb5da9e479b
NeoBundleLock nerdtree 2e2b649232d6ae4d02d74793e5da0ee08480ad8d
NeoBundleLock rails.vim a390780c863f993847d23789b1dae86f779313d5
NeoBundleLock sparkup d400a570bf64b0c216aa7c8e1795820b911a7404
NeoBundleLock supertab 66511772a430a5eaad7f7d03dbb02e8f33c4a641
NeoBundleLock syntastic 9bec49b7f95f02d1e0e51813b471065fa021ceef
NeoBundleLock ultisnips e8c485eb3c7e2c4c3ddc62beb79011f026a3ca04
NeoBundleLock vim-airline 4d0c4f6b1e3fee30873b0c9734fbe83f4d74b81c
NeoBundleLock vim-colorschemes 189f5182bb70fd35d0f56fee451c3f22a2a80135
NeoBundleLock vim-fugitive c00ebd75ac23f4080c0d0bf9453b16304a3fb316
NeoBundleLock vim-go 3eb57ac3a8e02a3d6e2bfba981144c6e1af3545b
NeoBundleLock vim-javascript 26c7330de100eb1d1809858358c2ccd5b2a74078
NeoBundleLock vim-polyglot 1422f7a75ce0b382d601238c5979b04473b9021e
NeoBundleLock vim-quickrun 5149ecd1502b7fc2583cb8799ac1a0c72c41f828
NeoBundleLock vim-snippets d285c86221e917d13c6cbf89f347627ea9fe1796
NeoBundleLock vim-syntax-extra 28926b8679be934a4f112b6c8a9c6681aa3b5988
NeoBundleLock youcompleteme d5610e577c0f1f0bb8bb22d8bbbd25be11327391
